
Microsoft Visual Studio Solution File, Format Version 12.00
# Visual Studio Version 16
VisualStudioVersion = 16.0.29509.3
MinimumVisualStudioVersion = 10.0.40219.1
Project("{FAE04EC0-301F-11D3-BF4B-00C04F79EFBC}") = "SQLUsers", "SQLUsers\SQLUsers.csproj", "{A0DE4A25-69A3-4A91-8631-E2A581EB9DAB}"
EndProject
Global
	GlobalSection(SolutionConfigurationPlatforms) = preSolution
		Debug|Any CPU = Debug|Any CPU
		Release|Any CPU = Release|Any CPU
	EndGlobalSection
	GlobalSection(ProjectConfigurationPlatforms) = postSolution
		{A0DE4A25-69A3-4A91-8631-E2A581EB9DAB}.Debug|Any CPU.ActiveCfg = Debug|Any CPU
		{A0DE4A25-69A3-4A91-8631-E2A581EB9DAB}.Debug|Any CPU.Build.0 = Debug|Any CPU
		{A0DE4A25-69A3-4A91-8631-E2A581EB9DAB}.Release|Any CPU.ActiveCfg = Release|Any CPU
		{A0DE4A25-69A3-4A91-8631-E2A581EB9DAB}.Release|Any CPU.Build.0 = Release|Any CPU
	EndGlobalSection
	GlobalSection(SolutionProperties) = preSolution
		HideSolutionNode = FALSE
	EndGlobalSection
	GlobalSection(ExtensibilityGlobals) = postSolution
		SolutionGuid = {46FCB0D1-9118-4211-ABF5-09AC6A09252D}
	EndGlobalSection
EndGlobal
